// !$*UTF8*$!
{
	archiveVersion = 1;
	classes = {
	};
	objectVersion = 56;
	objects = {

/* Begin PBXBuildFile section */
		278416722C00B18D00D9ED9B /* Assets.xcassets in Resources */ = {isa = PBXBuildFile; fileRef = 278416712C00B18D00D9ED9B /* Assets.xcassets */; };
		278416752C00B18D00D9ED9B /* Preview Assets.xcassets in Resources */ = {isa = PBXBuildFile; fileRef = 278416742C00B18D00D9ED9B /* Preview Assets.xcassets */; };
		2784169B2C00B21600D9ED9B /* CameraVideoPreviewLayer.swift in Sources */ = {isa = PBXBuildFile; fileRef = 2784167B2C00B21600D9ED9B /* CameraVideoPreviewLayer.swift */; };
		2784169C2C00B21600D9ED9B /* CaptureView.swift in Sources */ = {isa = PBXBuildFile; fileRef = 2784167C2C00B21600D9ED9B /* CaptureView.swift */; };
		2784169D2C00B21600D9ED9B /* CaptureViewModel.swift in Sources */ = {isa = PBXBuildFile; fileRef = 2784167D2C00B21600D9ED9B /* CaptureViewModel.swift */; };
		2784169E2C00B21600D9ED9B /* HomeView.swift in Sources */ = {isa = PBXBuildFile; fileRef = 2784167F2C00B21600D9ED9B /* HomeView.swift */; };
		2784169F2C00B21600D9ED9B /* HomeViewModel.swift in Sources */ = {isa = PBXBuildFile; fileRef = 278416802C00B21600D9ED9B /* HomeViewModel.swift */; };
		278416A02C00B21600D9ED9B /* ViewFactory.swift in Sources */ = {isa = PBXBuildFile; fileRef = 278416832C00B21600D9ED9B /* ViewFactory.swift */; };
		278416A12C00B21600D9ED9B /* Publisher+Ext.swift in Sources */ = {isa = PBXBuildFile; fileRef = 278416852C00B21600D9ED9B /* Publisher+Ext.swift */; };
		278416A22C00B21600D9ED9B /* Feedback.swift in Sources */ = {isa = PBXBuildFile; fileRef = 278416872C00B21600D9ED9B /* Feedback.swift */; };
		278416A32C00B21600D9ED9B /* System.swift in Sources */ = {isa = PBXBuildFile; fileRef = 278416882C00B21600D9ED9B /* System.swift */; };
		278416A42C00B21600D9ED9B /* NavigationCoordinator.swift in Sources */ = {isa = PBXBuildFile; fileRef = 2784168B2C00B21600D9ED9B /* NavigationCoordinator.swift */; };
		278416A52C00B21600D9ED9B /* RegisterSegueModifier.swift in Sources */ = {isa = PBXBuildFile; fileRef = 2784168C2C00B21600D9ED9B /* RegisterSegueModifier.swift */; };
		278416A62C00B21600D9ED9B /* RootView.swift in Sources */ = {isa = PBXBuildFile; fileRef = 2784168D2C00B21600D9ED9B /* RootView.swift */; };
		278416A72C00B21600D9ED9B /* Screen.swift in Sources */ = {isa = PBXBuildFile; fileRef = 2784168E2C00B21600D9ED9B /* Screen.swift */; };
		278416AA2C00B21600D9ED9B /* ButtonView.swift in Sources */ = {isa = PBXBuildFile; fileRef = 278416932C00B21600D9ED9B /* ButtonView.swift */; };
		278416AB2C00B21600D9ED9B /* ErrorView.swift in Sources */ = {isa = PBXBuildFile; fileRef = 278416942C00B21600D9ED9B /* ErrorView.swift */; };
		278416AC2C00B21600D9ED9B /* TitleViewModifier.swift in Sources */ = {isa = PBXBuildFile; fileRef = 278416962C00B21600D9ED9B /* TitleViewModifier.swift */; };
		278416AD2C00B21600D9ED9B /* CameraDemoApp.swift in Sources */ = {isa = PBXBuildFile; fileRef = 278416992C00B21600D9ED9B /* CameraDemoApp.swift */; };
		278416B02C00B22D00D9ED9B /* CombineCamera in Frameworks */ = {isa = PBXBuildFile; productRef = 278416AF2C00B22D00D9ED9B /* CombineCamera */; };
/* End PBXBuildFile section */

/* Begin PBXFileReference section */
		2784166A2C00B18C00D9ED9B /* CameraDemo.app */ = {isa = PBXFileReference; explicitFileType = wrapper.application; includeInIndex = 0; path = CameraDemo.app; sourceTree = BUILT_PRODUCTS_DIR; };
		278416712C00B18D00D9ED9B /* Assets.xcassets */ = {isa = PBXFileReference; lastKnownFileType = folder.assetcatalog; path = Assets.xcassets; sourceTree = "<group>"; };
		278416742C00B18D00D9ED9B /* Preview Assets.xcassets */ = {isa = PBXFileReference; lastKnownFileType = folder.assetcatalog; path = "Preview Assets.xcassets"; sourceTree = "<group>"; };
		2784167B2C00B21600D9ED9B /* CameraVideoPreviewLayer.swift */ = {isa = PBXFileReference; fileEncoding = 4; lastKnownFileType = sourcecode.swift; path = CameraVideoPreviewLayer.swift; sourceTree = "<group>"; };
		2784167C2C00B21600D9ED9B /* CaptureView.swift */ = {isa = PBXFileReference; fileEncoding = 4; lastKnownFileType = sourcecode.swift; path = CaptureView.swift; sourceTree = "<group>"; };
		2784167D2C00B21600D9ED9B /* CaptureViewModel.swift */ = {isa = PBXFileReference; fileEncoding = 4; lastKnownFileType = sourcecode.swift; path = CaptureViewModel.swift; sourceTree = "<group>"; };
		2784167F2C00B21600D9ED9B /* HomeView.swift */ = {isa = PBXFileReference; fileEncoding = 4; lastKnownFileType = sourcecode.swift; path = HomeView.swift; sourceTree = "<group>"; };
		278416802C00B21600D9ED9B /* HomeViewModel.swift */ = {isa = PBXFileReference; fileEncoding = 4; lastKnownFileType = sourcecode.swift; path = HomeViewModel.swift; sourceTree = "<group>"; };
		278416832C00B21600D9ED9B /* ViewFactory.swift */ = {isa = PBXFileReference; fileEncoding = 4; lastKnownFileType = sourcecode.swift; path = ViewFactory.swift; sourceTree = "<group>"; };
		278416852C00B21600D9ED9B /* Publisher+Ext.swift */ = {isa = PBXFileReference; fileEncoding = 4; lastKnownFileType = sourcecode.swift; path = "Publisher+Ext.swift"; sourceTree = "<group>"; };
		278416872C00B21600D9ED9B /* Feedback.swift */ = {isa = PBXFileReference; fileEncoding = 4; lastKnownFileType = sourcecode.swift; path = Feedback.swift; sourceTree = "<group>"; };
		278416882C00B21600D9ED9B /* System.swift */ = {isa = PBXFileReference; fileEncoding = 4; lastKnownFileType = sourcecode.swift; path = System.swift; sourceTree = "<group>"; };
		2784168B2C00B21600D9ED9B /* NavigationCoordinator.swift */ = {isa = PBXFileReference; fileEncoding = 4; lastKnownFileType = sourcecode.swift; path = NavigationCoordinator.swift; sourceTree = "<group>"; };
		2784168C2C00B21600D9ED9B /* RegisterSegueModifier.swift */ = {isa = PBXFileReference; fileEncoding = 4; lastKnownFileType = sourcecode.swift; path = RegisterSegueModifier.swift; sourceTree = "<group>"; };
		2784168D2C00B21600D9ED9B /* RootView.swift */ = {isa = PBXFileReference; fileEncoding = 4; lastKnownFileType = sourcecode.swift; path = RootView.swift; sourceTree = "<group>"; };
		2784168E2C00B21600D9ED9B /* Screen.swift */ = {isa = PBXFileReference; fileEncoding = 4; lastKnownFileType = sourcecode.swift; path = Screen.swift; sourceTree = "<group>"; };
		278416932C00B21600D9ED9B /* ButtonView.swift */ = {isa = PBXFileReference; fileEncoding = 4; lastKnownFileType = sourcecode.swift; path = ButtonView.swift; sourceTree = "<group>"; };
		278416942C00B21600D9ED9B /* ErrorView.swift */ = {isa = PBXFileReference; fileEncoding = 4; lastKnownFileType = sourcecode.swift; path = ErrorView.swift; sourceTree = "<group>"; };
		278416962C00B21600D9ED9B /* TitleViewModifier.swift */ = {isa = PBXFileReference; fileEncoding = 4; lastKnownFileType = sourcecode.swift; path = TitleViewModifier.swift; sourceTree = "<group>"; };
		278416992C00B21600D9ED9B /* CameraDemoApp.swift */ = {isa = PBXFileReference; fileEncoding = 4; lastKnownFileType = sourcecode.swift; path = CameraDemoApp.swift; sourceTree = "<group>"; };
/* End PBXFileReference section */

/* Begin PBXFrameworksBuildPhase section */
		278416672C00B18C00D9ED9B /* Frameworks */ = {
			isa = PBXFrameworksBuildPhase;
			buildActionMask = 2147483647;
			files = (
				278416B02C00B22D00D9ED9B /* CombineCamera in Frameworks */,
			);
			runOnlyForDeploymentPostprocessing = 0;
		};
/* End PBXFrameworksBuildPhase section */

/* Begin PBXGroup section */
		278416612C00B18C00D9ED9B = {
			isa = PBXGroup;
			children = (
				2784166C2C00B18C00D9ED9B /* CameraDemo */,
				2784166B2C00B18C00D9ED9B /* Products */,
			);
			sourceTree = "<group>";
		};
		2784166B2C00B18C00D9ED9B /* Products */ = {
			isa = PBXGroup;
			children = (
				2784166A2C00B18C00D9ED9B /* CameraDemo.app */,
			);
			name = Products;
			sourceTree = "<group>";
		};
		2784166C2C00B18C00D9ED9B /* CameraDemo */ = {
			isa = PBXGroup;
			children = (
				2784169A2C00B21600D9ED9B /* App */,
				278416822C00B21600D9ED9B /* Views */,
				278416712C00B18D00D9ED9B /* Assets.xcassets */,
				278416732C00B18D00D9ED9B /* Preview Content */,
			);
			path = CameraDemo;
			sourceTree = "<group>";
		};
		278416732C00B18D00D9ED9B /* Preview Content */ = {
			isa = PBXGroup;
			children = (
				278416742C00B18D00D9ED9B /* Preview Assets.xcassets */,
			);
			path = "Preview Content";
			sourceTree = "<group>";
		};
		2784167E2C00B21600D9ED9B /* Capture */ = {
			isa = PBXGroup;
			children = (
				2784167B2C00B21600D9ED9B /* CameraVideoPreviewLayer.swift */,
				2784167C2C00B21600D9ED9B /* CaptureView.swift */,
				2784167D2C00B21600D9ED9B /* CaptureViewModel.swift */,
			);
			path = Capture;
			sourceTree = "<group>";
		};
		278416812C00B21600D9ED9B /* Home */ = {
			isa = PBXGroup;
			children = (
				2784167F2C00B21600D9ED9B /* HomeView.swift */,
				278416802C00B21600D9ED9B /* HomeViewModel.swift */,
			);
			path = Home;
			sourceTree = "<group>";
		};
		278416822C00B21600D9ED9B /* Views */ = {
			isa = PBXGroup;
			children = (
				278416812C00B21600D9ED9B /* Home */,
				2784167E2C00B21600D9ED9B /* Capture */,
			);
			path = Views;
			sourceTree = "<group>";
		};
		278416842C00B21600D9ED9B /* DI */ = {
			isa = PBXGroup;
			children = (
				278416832C00B21600D9ED9B /* ViewFactory.swift */,
			);
			path = DI;
			sourceTree = "<group>";
		};
		278416862C00B21600D9ED9B /* Extensions */ = {
			isa = PBXGroup;
			children = (
				278416852C00B21600D9ED9B /* Publisher+Ext.swift */,
			);
			path = Extensions;
			sourceTree = "<group>";
		};
		278416892C00B21600D9ED9B /* Feedback */ = {
			isa = PBXGroup;
			children = (
				278416872C00B21600D9ED9B /* Feedback.swift */,
				278416882C00B21600D9ED9B /* System.swift */,
			);
			path = Feedback;
			sourceTree = "<group>";
		};
		2784168A2C00B21600D9ED9B /* System */ = {
			isa = PBXGroup;
			children = (
				278416862C00B21600D9ED9B /* Extensions */,
				278416892C00B21600D9ED9B /* Feedback */,
			);
			path = System;
			sourceTree = "<group>";
		};
		2784168F2C00B21600D9ED9B /* Navigation */ = {
			isa = PBXGroup;
			children = (
				2784168B2C00B21600D9ED9B /* NavigationCoordinator.swift */,
				2784168C2C00B21600D9ED9B /* RegisterSegueModifier.swift */,
				2784168D2C00B21600D9ED9B /* RootView.swift */,
				2784168E2C00B21600D9ED9B /* Screen.swift */,
			);
			path = Navigation;
			sourceTree = "<group>";
		};
		278416952C00B21600D9ED9B /* ReusableViews */ = {
			isa = PBXGroup;
			children = (
				278416932C00B21600D9ED9B /* ButtonView.swift */,
				278416942C00B21600D9ED9B /* ErrorView.swift */,
			);
			path = ReusableViews;
			sourceTree = "<group>";
		};
		278416972C00B21600D9ED9B /* ViewModifiers */ = {
			isa = PBXGroup;
			children = (
				278416962C00B21600D9ED9B /* TitleViewModifier.swift */,
			);
			path = ViewModifiers;
			sourceTree = "<group>";
		};
		278416982C00B21600D9ED9B /* UI */ = {
			isa = PBXGroup;
			children = (
				2784168F2C00B21600D9ED9B /* Navigation */,
				278416952C00B21600D9ED9B /* ReusableViews */,
				278416972C00B21600D9ED9B /* ViewModifiers */,
			);
			path = UI;
			sourceTree = "<group>";
		};
		2784169A2C00B21600D9ED9B /* App */ = {
			isa = PBXGroup;
			children = (
				278416982C00B21600D9ED9B /* UI */,
				278416842C00B21600D9ED9B /* DI */,
				2784168A2C00B21600D9ED9B /* System */,
				278416992C00B21600D9ED9B /* CameraDemoApp.swift */,
			);
			path = App;
			sourceTree = "<group>";
		};
/* End PBXGroup section */

/* Begin PBXNativeTarget section */
		278416692C00B18C00D9ED9B /* CameraDemo */ = {
			isa = PBXNativeTarget;
			buildConfigurationList = 278416782C00B18D00D9ED9B /* Build configuration list for PBXNativeTarget "CameraDemo" */;
			buildPhases = (
				278416662C00B18C00D9ED9B /* Sources */,
				278416672C00B18C00D9ED9B /* Frameworks */,
				278416682C00B18C00D9ED9B /* Resources */,
			);
			buildRules = (
			);
			dependencies = (
			);
			name = CameraDemo;
			packageProductDependencies = (
				278416AF2C00B22D00D9ED9B /* CombineCamera */,
			);
			productName = CameraDemo;
			productReference = 2784166A2C00B18C00D9ED9B /* CameraDemo.app */;
			productType = "com.apple.product-type.application";
		};
/* End PBXNativeTarget section */

/* Begin PBXProject section */
		278416622C00B18C00D9ED9B /* Project object */ = {
			isa = PBXProject;
			attributes = {
				BuildIndependentTargetsInParallel = 1;
				LastSwiftUpdateCheck = 1540;
				LastUpgradeCheck = 1540;
				TargetAttributes = {
					278416692C00B18C00D9ED9B = {
						CreatedOnToolsVersion = 15.4;
					};
				};
			};
			buildConfigurationList = 278416652C00B18C00D9ED9B /* Build configuration list for PBXProject "CameraDemo" */;
			compatibilityVersion = "Xcode 14.0";
			developmentRegion = en;
			hasScannedForEncodings = 0;
			knownRegions = (
				en,
				Base,
			);
			mainGroup = 278416612C00B18C00D9ED9B;
			packageReferences = (
				278416AE2C00B22D00D9ED9B /* XCRemoteSwiftPackageReference "swift-combine-camera" */,
			);
			productRefGroup = 2784166B2C00B18C00D9ED9B /* Products */;
			projectDirPath = "";
			projectRoot = "";
			targets = (
				278416692C00B18C00D9ED9B /* CameraDemo */,
			);
		};
/* End PBXProject section */

/* Begin PBXResourcesBuildPhase section */
		278416682C00B18C00D9ED9B /* Resources */ = {
			isa = PBXResourcesBuildPhase;
			buildActionMask = 2147483647;
			files = (
				278416752C00B18D00D9ED9B /* Preview Assets.xcassets in Resources */,
				278416722C00B18D00D9ED9B /* Assets.xcassets in Resources */,
			);
			runOnlyForDeploymentPostprocessing = 0;
		};
/* End PBXResourcesBuildPhase section */

/* Begin PBXSourcesBuildPhase section */
		278416662C00B18C00D9ED9B /* Sources */ = {
			isa = PBXSourcesBuildPhase;
			buildActionMask = 2147483647;
			files = (
				278416AD2C00B21600D9ED9B /* CameraDemoApp.swift in Sources */,
				2784169B2C00B21600D9ED9B /* CameraVideoPreviewLayer.swift in Sources */,
				278416AA2C00B21600D9ED9B /* ButtonView.swift in Sources */,
				278416A02C00B21600D9ED9B /* ViewFactory.swift in Sources */,
				278416AB2C00B21600D9ED9B /* ErrorView.swift in Sources */,
				278416A52C00B21600D9ED9B /* RegisterSegueModifier.swift in Sources */,
				278416A72C00B21600D9ED9B /* Screen.swift in Sources */,
				2784169E2C00B21600D9ED9B /* HomeView.swift in Sources */,
				2784169C2C00B21600D9ED9B /* CaptureView.swift in Sources */,
				278416A12C00B21600D9ED9B /* Publisher+Ext.swift in Sources */,
				2784169F2C00B21600D9ED9B /* HomeViewModel.swift in Sources */,
				278416A22C00B21600D9ED9B /* Feedback.swift in Sources */,
				278416A62C00B21600D9ED9B /* RootView.swift in Sources */,
				278416A32C00B21600D9ED9B /* System.swift in Sources */,
				278416A42C00B21600D9ED9B /* NavigationCoordinator.swift in Sources */,
				278416AC2C00B21600D9ED9B /* TitleViewModifier.swift in Sources */,
				2784169D2C00B21600D9ED9B /* CaptureViewModel.swift in Sources */,
			);
			runOnlyForDeploymentPostprocessing = 0;
		};
/* End PBXSourcesBuildPhase section */

/* Begin XCBuildConfiguration section */
		278416762C00B18D00D9ED9B /* Debug */ = {
			isa = XCBuildConfiguration;
			buildSettings = {
				ALWAYS_SEARCH_USER_PATHS = NO;
				ASSETCATALOG_COMPILER_GENERATE_SWIFT_ASSET_SYMBOL_EXTENSIONS = YES;
				CLANG_ANALYZER_NONNULL = YES;
				CLANG_ANALYZER_NUMBER_OBJECT_CONVERSION = YES_AGGRESSIVE;
				CLANG_CXX_LANGUAGE_STANDARD = "gnu++20";
				CLANG_ENABLE_MODULES = YES;
				CLANG_ENABLE_OBJC_ARC = YES;
				CLANG_ENABLE_OBJC_WEAK = YES;
				CLANG_WARN_BLOCK_CAPTURE_AUTORELEASING = YES;
				CLANG_WARN_BOOL_CONVERSION = YES;
				CLANG_WARN_COMMA = YES;
				CLANG_WARN_CONSTANT_CONVERSION = YES;
				CLANG_WARN_DEPRECATED_OBJC_IMPLEMENTATIONS = YES;
				CLANG_WARN_DIRECT_OBJC_ISA_USAGE = YES_ERROR;
				CLANG_WARN_DOCUMENTATION_COMMENTS = YES;
				CLANG_WARN_EMPTY_BODY = YES;
				CLANG_WARN_ENUM_CONVERSION = YES;
				CLANG_WARN_INFINITE_RECURSION = YES;
				CLANG_WARN_INT_CONVERSION = YES;
				CLANG_WARN_NON_LITERAL_NULL_CONVERSION = YES;
				CLANG_WARN_OBJC_IMPLICIT_RETAIN_SELF = YES;
				CLANG_WARN_OBJC_LITERAL_CONVERSION = YES;
				CLANG_WARN_OBJC_ROOT_CLASS = YES_ERROR;
				CLANG_WARN_QUOTED_INCLUDE_IN_FRAMEWORK_HEADER = YES;
				CLANG_WARN_RANGE_LOOP_ANALYSIS = YES;
				CLANG_WARN_STRICT_PROTOTYPES = YES;
				CLANG_WARN_SUSPICIOUS_MOVE = YES;
				CLANG_WARN_UNGUARDED_AVAILABILITY = YES_AGGRESSIVE;
				CLANG_WARN_UNREACHABLE_CODE = YES;
				CLANG_WARN__DUPLICATE_METHOD_MATCH = YES;
				COPY_PHASE_STRIP = NO;
				DEBUG_INFORMATION_FORMAT = dwarf;
				ENABLE_STRICT_OBJC_MSGSEND = YES;
				ENABLE_TESTABILITY = YES;
				ENABLE_USER_SCRIPT_SANDBOXING = YES;
				GCC_C_LANGUAGE_STANDARD = gnu17;
				GCC_DYNAMIC_NO_PIC = NO;
				GCC_NO_COMMON_BLOCKS = YES;
				GCC_OPTIMIZATION_LEVEL = 0;
				GCC_PREPROCESSOR_DEFINITIONS = (
					"DEBUG=1",
					"$(inherited)",
				);
				GCC_WARN_64_TO_32_BIT_CONVERSION = YES;
				GCC_WARN_ABOUT_RETURN_TYPE = YES_ERROR;
				GCC_WARN_UNDECLARED_SELECTOR = YES;
				GCC_WARN_UNINITIALIZED_AUTOS = YES_AGGRESSIVE;
				GCC_WARN_UNUSED_FUNCTION = YES;
				GCC_WARN_UNUSED_VARIABLE = YES;
				IPHONEOS_DEPLOYMENT_TARGET = 17.5;
				LOCALIZATION_PREFERS_STRING_CATALOGS = YES;
				MTL_ENABLE_DEBUG_INFO = INCLUDE_SOURCE;
				MTL_FAST_MATH = YES;
				ONLY_ACTIVE_ARCH = YES;
				SDKROOT = iphoneos;
				SWIFT_ACTIVE_COMPILATION_CONDITIONS = "DEBUG $(inherited)";
				SWIFT_OPTIMIZATION_LEVEL = "-Onone";
			};
			name = Debug;
		};
		278416772C00B18D00D9ED9B /* Release */ = {
			isa = XCBuildConfiguration;
			buildSettings = {
				ALWAYS_SEARCH_USER_PATHS = NO;
				ASSETCATALOG_COMPILER_GENERATE_SWIFT_ASSET_SYMBOL_EXTENSIONS = YES;
				CLANG_ANALYZER_NONNULL = YES;
				CLANG_ANALYZER_NUMBER_OBJECT_CONVERSION = YES_AGGRESSIVE;
				CLANG_CXX_LANGUAGE_STANDARD = "gnu++20";
				CLANG_ENABLE_MODULES = YES;
				CLANG_ENABLE_OBJC_ARC = YES;
				CLANG_ENABLE_OBJC_WEAK = YES;
				CLANG_WARN_BLOCK_CAPTURE_AUTORELEASING = YES;
				CLANG_WARN_BOOL_CONVERSION = YES;
				CLANG_WARN_COMMA = YES;
				CLANG_WARN_CONSTANT_CONVERSION = YES;
				CLANG_WARN_DEPRECATED_OBJC_IMPLEMENTATIONS = YES;
				CLANG_WARN_DIRECT_OBJC_ISA_USAGE = YES_ERROR;
				CLANG_WARN_DOCUMENTATION_COMMENTS = YES;
				CLANG_WARN_EMPTY_BODY = YES;
				CLANG_WARN_ENUM_CONVERSION = YES;
				CLANG_WARN_INFINITE_RECURSION = YES;
				CLANG_WARN_INT_CONVERSION = YES;
				CLANG_WARN_NON_LITERAL_NULL_CONVERSION = YES;
				CLANG_WARN_OBJC_IMPLICIT_RETAIN_SELF = YES;
				CLANG_WARN_OBJC_LITERAL_CONVERSION = YES;
				CLANG_WARN_OBJC_ROOT_CLASS = YES_ERROR;
				CLANG_WARN_QUOTED_INCLUDE_IN_FRAMEWORK_HEADER = YES;
				CLANG_WARN_RANGE_LOOP_ANALYSIS = YES;
				CLANG_WARN_STRICT_PROTOTYPES = YES;
				CLANG_WARN_SUSPICIOUS_MOVE = YES;
				CLANG_WARN_UNGUARDED_AVAILABILITY = YES_AGGRESSIVE;
				CLANG_WARN_UNREACHABLE_CODE = YES;
				CLANG_WARN__DUPLICATE_METHOD_MATCH = YES;
				COPY_PHASE_STRIP = NO;
				DEBUG_INFORMATION_FORMAT = "dwarf-with-dsym";
				ENABLE_NS_ASSERTIONS = NO;
				ENABLE_STRICT_OBJC_MSGSEND = YES;
				ENABLE_USER_SCRIPT_SANDBOXING = YES;
				GCC_C_LANGUAGE_STANDARD = gnu17;
				GCC_NO_COMMON_BLOCKS = YES;
				GCC_WARN_64_TO_32_BIT_CONVERSION = YES;
				GCC_WARN_ABOUT_RETURN_TYPE = YES_ERROR;
				GCC_WARN_UNDECLARED_SELECTOR = YES;
				GCC_WARN_UNINITIALIZED_AUTOS = YES_AGGRESSIVE;
				GCC_WARN_UNUSED_FUNCTION = YES;
				GCC_WARN_UNUSED_VARIABLE = YES;
				IPHONEOS_DEPLOYMENT_TARGET = 17.5;
				LOCALIZATION_PREFERS_STRING_CATALOGS = YES;
				MTL_ENABLE_DEBUG_INFO = NO;
				MTL_FAST_MATH = YES;
				SDKROOT = iphoneos;
				SWIFT_COMPILATION_MODE = wholemodule;
				VALIDATE_PRODUCT = YES;
			};
			name = Release;
		};
		278416792C00B18D00D9ED9B /* Debug */ = {
			isa = XCBuildConfiguration;
			buildSettings = {
				ASSETCATALOG_COMPILER_APPICON_NAME = AppIcon;
				ASSETCATALOG_COMPILER_GLOBAL_ACCENT_COLOR_NAME = AccentColor;
				CODE_SIGN_STYLE = Automatic;
				CURRENT_PROJECT_VERSION = 1;
				DEVELOPMENT_ASSET_PATHS = "\"CameraDemo/Preview Content\"";
				DEVELOPMENT_TEAM = 4787WAF3Z5;
				ENABLE_PREVIEWS = YES;
				GENERATE_INFOPLIST_FILE = YES;
				INFOPLIST_KEY_CFBundleDisplayName = Camera;
				INFOPLIST_KEY_NSCameraUsageDescription = "This app requires access to the camera to capture and display real-time video.";
				INFOPLIST_KEY_UIApplicationSceneManifest_Generation = YES;
				INFOPLIST_KEY_UIApplicationSupportsIndirectInputEvents = YES;
				INFOPLIST_KEY_UILaunchScreen_Generation = YES;
				INFOPLIST_KEY_UISupportedInterfaceOrientations = UIInterfaceOrientationPortrait;
				INFOPLIST_KEY_UISupportedInterfaceOrientations_iPad = "UIInterfaceOrientationLandscapeLeft UIInterfaceOrientationLandscapeRight UIInterfaceOrientationPortrait UIInterfaceOrientationPortraitUpsideDown";
				IPHONEOS_DEPLOYMENT_TARGET = 16.0;
				LD_RUNPATH_SEARCH_PATHS = (
					"$(inherited)",
					"@executable_path/Frameworks",
				);
				MARKETING_VERSION = 1.0;
				PRODUCT_BUNDLE_IDENTIFIER = denissilko.CameraDemo;
				PRODUCT_NAME = "$(TARGET_NAME)";
				SUPPORTED_PLATFORMS = "iphoneos iphonesimulator";
				SUPPORTS_MACCATALYST = NO;
				SUPPORTS_MAC_DESIGNED_FOR_IPHONE_IPAD = NO;
				SUPPORTS_XR_DESIGNED_FOR_IPHONE_IPAD = NO;
				SWIFT_EMIT_LOC_STRINGS = YES;
				SWIFT_VERSION = 5.0;
				TARGETED_DEVICE_FAMILY = "1,2";
			};
			name = Debug;
		};
		2784167A2C00B18D00D9ED9B /* Release */ = {
			isa = XCBuildConfiguration;
			buildSettings = {
				ASSETCATALOG_COMPILER_APPICON_NAME = AppIcon;
				ASSETCATALOG_COMPILER_GLOBAL_ACCENT_COLOR_NAME = AccentColor;
				CODE_SIGN_STYLE = Automatic;
				CURRENT_PROJECT_VERSION = 1;
				DEVELOPMENT_ASSET_PATHS = "\"CameraDemo/Preview Content\"";
				DEVELOPMENT_TEAM = 4787WAF3Z5;
				ENABLE_PREVIEWS = YES;
				GENERATE_INFOPLIST_FILE = YES;
				INFOPLIST_KEY_CFBundleDisplayName = Camera;
				INFOPLIST_KEY_NSCameraUsageDescription = "This app requires access to the camera to capture and display real-time video.";
				INFOPLIST_KEY_UIApplicationSceneManifest_Generation = YES;
				INFOPLIST_KEY_UIApplicationSupportsIndirectInputEvents = YES;
				INFOPLIST_KEY_UILaunchScreen_Generation = YES;
				INFOPLIST_KEY_UISupportedInterfaceOrientations = UIInterfaceOrientationPortrait;
				INFOPLIST_KEY_UISupportedInterfaceOrientations_iPad = "UIInterfaceOrientationLandscapeLeft UIInterfaceOrientationLandscapeRight UIInterfaceOrientationPortrait UIInterfaceOrientationPortraitUpsideDown";
				IPHONEOS_DEPLOYMENT_TARGET = 16.0;
				LD_RUNPATH_SEARCH_PATHS = (
					"$(inherited)",
					"@executable_path/Frameworks",
				);
				MARKETING_VERSION = 1.0;
				PRODUCT_BUNDLE_IDENTIFIER = denissilko.CameraDemo;
				PRODUCT_NAME = "$(TARGET_NAME)";
				SUPPORTED_PLATFORMS = "iphoneos iphonesimulator";
				SUPPORTS_MACCATALYST = NO;
				SUPPORTS_MAC_DESIGNED_FOR_IPHONE_IPAD = NO;
				SUPPORTS_XR_DESIGNED_FOR_IPHONE_IPAD = NO;
				SWIFT_EMIT_LOC_STRINGS = YES;
				SWIFT_VERSION = 5.0;
				TARGETED_DEVICE_FAMILY = "1,2";
			};
			name = Release;
		};
/* End XCBuildConfiguration section */

/* Begin XCConfigurationList section */
		278416652C00B18C00D9ED9B /* Build configuration list for PBXProject "CameraDemo" */ = {
			isa = XCConfigurationList;
			buildConfigurations = (
				278416762C00B18D00D9ED9B /* Debug */,
				278416772C00B18D00D9ED9B /* Release */,
			);
			defaultConfigurationIsVisible = 0;
			defaultConfigurationName = Release;
		};
		278416782C00B18D00D9ED9B /* Build configuration list for PBXNativeTarget "CameraDemo" */ = {
			isa = XCConfigurationList;
			buildConfigurations = (
				278416792C00B18D00D9ED9B /* Debug */,
				2784167A2C00B18D00D9ED9B /* Release */,
			);
			defaultConfigurationIsVisible = 0;
			defaultConfigurationName = Release;
		};
/* End XCConfigurationList section */

/* Begin XCRemoteSwiftPackageReference section */
		278416AE2C00B22D00D9ED9B /* XCRemoteSwiftPackageReference "swift-combine-camera" */ = {
			isa = XCRemoteSwiftPackageReference;
			repositoryURL = "https://github.com/silkodenis/swift-combine-camera.git";
			requirement = {
				branch = main;
				kind = branch;
			};
		};
/* End XCRemoteSwiftPackageReference section */

/* Begin XCSwiftPackageProductDependency section */
		278416AF2C00B22D00D9ED9B /* CombineCamera */ = {
			isa = XCSwiftPackageProductDependency;
			package = 278416AE2C00B22D00D9ED9B /* XCRemoteSwiftPackageReference "swift-combine-camera" */;
			productName = CombineCamera;
		};
/* End XCSwiftPackageProductDependency section */
	};
	rootObject = 278416622C00B18C00D9ED9B /* Project object */;
}
